// !$*UTF8*$!
{
	archiveVersion = 1;
	classes = {
	};
	objectVersion = 56;
	objects = {

/* Begin PBXBuildFile section */
		600463E32B40263B0035029C /* HomeViewController.swift in Sources */ = {isa = PBXBuildFile; fileRef = 600463E22B40263B0035029C /* HomeViewController.swift */; };
		600463E52B4028110035029C /* HomeCoordinator.swift in Sources */ = {isa = PBXBuildFile; fileRef = 600463E42B4028110035029C /* HomeCoordinator.swift */; };
		600463E72B40281F0035029C /* HomeFactory.swift in Sources */ = {isa = PBXBuildFile; fileRef = 600463E62B40281F0035029C /* HomeFactory.swift */; };
		600463EC2B402BAF0035029C /* PostDetailsViewController.swift in Sources */ = {isa = PBXBuildFile; fileRef = 600463EB2B402BAF0035029C /* PostDetailsViewController.swift */; };
		600463EF2B402F4D0035029C /* PostDetailsFactory.swift in Sources */ = {isa = PBXBuildFile; fileRef = 600463EE2B402F4D0035029C /* PostDetailsFactory.swift */; };
		600463F12B4030EE0035029C /* PostDetailsCoordinator.swift in Sources */ = {isa = PBXBuildFile; fileRef = 600463F02B4030EE0035029C /* PostDetailsCoordinator.swift */; };
		600463F32B4037C30035029C /* Navigation.swift in Sources */ = {isa = PBXBuildFile; fileRef = 600463F22B4037C30035029C /* Navigation.swift */; };
		600463F62B4045720035029C /* ParentCoordinator.swift in Sources */ = {isa = PBXBuildFile; fileRef = 600463F52B4045720035029C /* ParentCoordinator.swift */; };
		600463FC2B4060D20035029C /* UserConfigurationViewController.swift in Sources */ = {isa = PBXBuildFile; fileRef = 600463FB2B4060D20035029C /* UserConfigurationViewController.swift */; };
		600463FE2B4062690035029C /* UserConfigurationFactory.swift in Sources */ = {isa = PBXBuildFile; fileRef = 600463FD2B4062690035029C /* UserConfigurationFactory.swift */; };
		600464002B4063440035029C /* UserConfigurationCoordinator.swift in Sources */ = {isa = PBXBuildFile; fileRef = 600463FF2B4063440035029C /* UserConfigurationCoordinator.swift */; };
		601894D42AFE357400132775 /* ExampleViewController.swift in Sources */ = {isa = PBXBuildFile; fileRef = 601894D32AFE357400132775 /* ExampleViewController.swift */; };
		6079BC652AFE379600C29256 /* CommunitiesViewController.swift in Sources */ = {isa = PBXBuildFile; fileRef = 6079BC642AFE379600C29256 /* CommunitiesViewController.swift */; };
		6079BC672AFE37CA00C29256 /* CommunitiesFactory.swift in Sources */ = {isa = PBXBuildFile; fileRef = 6079BC662AFE37CA00C29256 /* CommunitiesFactory.swift */; };
		6079BC692AFE37DE00C29256 /* CommunitiesCoordinator.swift in Sources */ = {isa = PBXBuildFile; fileRef = 6079BC682AFE37DE00C29256 /* CommunitiesCoordinator.swift */; };
		6079BC6E2AFE56E600C29256 /* MyPostsViewController.swift in Sources */ = {isa = PBXBuildFile; fileRef = 6079BC6D2AFE56E600C29256 /* MyPostsViewController.swift */; };
		6079BC712AFE78B800C29256 /* NewPostViewController.swift in Sources */ = {isa = PBXBuildFile; fileRef = 6079BC702AFE78B800C29256 /* NewPostViewController.swift */; };
		6079BC732AFE7AFF00C29256 /* MyPostFactory.swift in Sources */ = {isa = PBXBuildFile; fileRef = 6079BC722AFE7AFF00C29256 /* MyPostFactory.swift */; };
		6079BC752AFE7C5000C29256 /* MyPostCoordinator.swift in Sources */ = {isa = PBXBuildFile; fileRef = 6079BC742AFE7C5000C29256 /* MyPostCoordinator.swift */; };
		6079BC772AFE7DE000C29256 /* MyPostMediator.swift in Sources */ = {isa = PBXBuildFile; fileRef = 6079BC762AFE7DE000C29256 /* MyPostMediator.swift */; };
		608704552AFD1DE7000795ED /* AppDelegate.swift in Sources */ = {isa = PBXBuildFile; fileRef = 608704542AFD1DE7000795ED /* AppDelegate.swift */; };
		608704592AFD1DE7000795ED /* LoginViewController.swift in Sources */ = {isa = PBXBuildFile; fileRef = 608704582AFD1DE7000795ED /* LoginViewController.swift */; };
		6087045E2AFD1DE9000795ED /* Assets.xcassets in Resources */ = {isa = PBXBuildFile; fileRef = 6087045D2AFD1DE9000795ED /* Assets.xcassets */; };
		608704612AFD1DE9000795ED /* LaunchScreen.storyboard in Resources */ = {isa = PBXBuildFile; fileRef = 6087045F2AFD1DE9000795ED /* LaunchScreen.storyboard */; };
		60CE47212AFD24140090458E /* Coordinator.swift in Sources */ = {isa = PBXBuildFile; fileRef = 60CE47202AFD24140090458E /* Coordinator.swift */; };
		60CE47232AFD245B0090458E /* AppCoordinator.swift in Sources */ = {isa = PBXBuildFile; fileRef = 60CE47222AFD245B0090458E /* AppCoordinator.swift */; };
		60CE47272AFD25050090458E /* AppFactory.swift in Sources */ = {isa = PBXBuildFile; fileRef = 60CE47262AFD25050090458E /* AppFactory.swift */; };
		60CE472B2AFD25B30090458E /* AuthorizationService.swift in Sources */ = {isa = PBXBuildFile; fileRef = 60CE472A2AFD25B30090458E /* AuthorizationService.swift */; };
		60CE472F2AFD26830090458E /* AppDIContainer.swift in Sources */ = {isa = PBXBuildFile; fileRef = 60CE472E2AFD26830090458E /* AppDIContainer.swift */; };
		60CE47332AFD299C0090458E /* LoginFactory.swift in Sources */ = {isa = PBXBuildFile; fileRef = 60CE47322AFD299C0090458E /* LoginFactory.swift */; };
		60CE47362AFD2A530090458E /* LoginCoordinator.swift in Sources */ = {isa = PBXBuildFile; fileRef = 60CE47352AFD2A530090458E /* LoginCoordinator.swift */; };
		60CE47382AFD2B360090458E /* LoginViewModel.swift in Sources */ = {isa = PBXBuildFile; fileRef = 60CE47372AFD2B360090458E /* LoginViewModel.swift */; };
		60CE473D2AFD391C0090458E /* MainTabBarController.swift in Sources */ = {isa = PBXBuildFile; fileRef = 60CE473C2AFD391C0090458E /* MainTabBarController.swift */; };
		60CE473F2AFD39720090458E /* MainTabBarFactory.swift in Sources */ = {isa = PBXBuildFile; fileRef = 60CE473E2AFD39720090458E /* MainTabBarFactory.swift */; };
		60CE47412AFD3A810090458E /* MainTabBarCoordinator.swift in Sources */ = {isa = PBXBuildFile; fileRef = 60CE47402AFD3A810090458E /* MainTabBarCoordinator.swift */; };
		60CE47462AFD40E90090458E /* ItemSettingsViewModel.swift in Sources */ = {isa = PBXBuildFile; fileRef = 60CE47452AFD40E90090458E /* ItemSettingsViewModel.swift */; };
		60CE47482AFD40FD0090458E /* SettingsViewNavigation.swift in Sources */ = {isa = PBXBuildFile; fileRef = 60CE47472AFD40FD0090458E /* SettingsViewNavigation.swift */; };
		60CE474B2AFD41AC0090458E /* SettingsViewModel.swift in Sources */ = {isa = PBXBuildFile; fileRef = 60CE474A2AFD41AC0090458E /* SettingsViewModel.swift */; };
		60CE474E2AFD41D70090458E /* SettingsViewController.swift in Sources */ = {isa = PBXBuildFile; fileRef = 60CE474D2AFD41D70090458E /* SettingsViewController.swift */; };
		60CE47502AFD46BB0090458E /* SettingsFactory.swift in Sources */ = {isa = PBXBuildFile; fileRef = 60CE474F2AFD46BB0090458E /* SettingsFactory.swift */; };
		60CE47522AFD46CB0090458E /* SettingsCoordinator.swift in Sources */ = {isa = PBXBuildFile; fileRef = 60CE47512AFD46CB0090458E /* SettingsCoordinator.swift */; };
		60CE47542AFD4D7E0090458E /* ItemTabBarFactory.swift in Sources */ = {isa = PBXBuildFile; fileRef = 60CE47532AFD4D7E0090458E /* ItemTabBarFactory.swift */; };
/* End PBXBuildFile section */

/* Begin PBXFileReference section */
		600463E22B40263B0035029C /* HomeViewController.swift */ = {isa = PBXFileReference; lastKnownFileType = sourcecode.swift; path = HomeViewController.swift; sourceTree = "<group>"; };
		600463E42B4028110035029C /* HomeCoordinator.swift */ = {isa = PBXFileReference; lastKnownFileType = sourcecode.swift; path = HomeCoordinator.swift; sourceTree = "<group>"; };
		600463E62B40281F0035029C /* HomeFactory.swift */ = {isa = PBXFileReference; lastKnownFileType = sourcecode.swift; path = HomeFactory.swift; sourceTree = "<group>"; };
		600463EB2B402BAF0035029C /* PostDetailsViewController.swift */ = {isa = PBXFileReference; lastKnownFileType = sourcecode.swift; path = PostDetailsViewController.swift; sourceTree = "<group>"; };
		600463EE2B402F4D0035029C /* PostDetailsFactory.swift */ = {isa = PBXFileReference; lastKnownFileType = sourcecode.swift; path = PostDetailsFactory.swift; sourceTree = "<group>"; };
		600463F02B4030EE0035029C /* PostDetailsCoordinator.swift */ = {isa = PBXFileReference; lastKnownFileType = sourcecode.swift; path = PostDetailsCoordinator.swift; sourceTree = "<group>"; };
		600463F22B4037C30035029C /* Navigation.swift */ = {isa = PBXFileReference; lastKnownFileType = sourcecode.swift; path = Navigation.swift; sourceTree = "<group>"; };
		600463F52B4045720035029C /* ParentCoordinator.swift */ = {isa = PBXFileReference; lastKnownFileType = sourcecode.swift; path = ParentCoordinator.swift; sourceTree = "<group>"; };
		600463FB2B4060D20035029C /* UserConfigurationViewController.swift */ = {isa = PBXFileReference; lastKnownFileType = sourcecode.swift; path = UserConfigurationViewController.swift; sourceTree = "<group>"; };
		600463FD2B4062690035029C /* UserConfigurationFactory.swift */ = {isa = PBXFileReference; lastKnownFileType = sourcecode.swift; path = UserConfigurationFactory.swift; sourceTree = "<group>"; };
		600463FF2B4063440035029C /* UserConfigurationCoordinator.swift */ = {isa = PBXFileReference; lastKnownFileType = sourcecode.swift; path = UserConfigurationCoordinator.swift; sourceTree = "<group>"; };
		601894D32AFE357400132775 /* ExampleViewController.swift */ = {isa = PBXFileReference; lastKnownFileType = sourcecode.swift; path = ExampleViewController.swift; sourceTree = "<group>"; };
		6079BC642AFE379600C29256 /* CommunitiesViewController.swift */ = {isa = PBXFileReference; lastKnownFileType = sourcecode.swift; path = CommunitiesViewController.swift; sourceTree = "<group>"; };
		6079BC662AFE37CA00C29256 /* CommunitiesFactory.swift */ = {isa = PBXFileReference; lastKnownFileType = sourcecode.swift; path = CommunitiesFactory.swift; sourceTree = "<group>"; };
		6079BC682AFE37DE00C29256 /* CommunitiesCoordinator.swift */ = {isa = PBXFileReference; lastKnownFileType = sourcecode.swift; path = CommunitiesCoordinator.swift; sourceTree = "<group>"; };
		6079BC6D2AFE56E600C29256 /* MyPostsViewController.swift */ = {isa = PBXFileReference; lastKnownFileType = sourcecode.swift; path = MyPostsViewController.swift; sourceTree = "<group>"; };
		6079BC702AFE78B800C29256 /* NewPostViewController.swift */ = {isa = PBXFileReference; lastKnownFileType = sourcecode.swift; path = NewPostViewController.swift; sourceTree = "<group>"; };
		6079BC722AFE7AFF00C29256 /* MyPostFactory.swift */ = {isa = PBXFileReference; lastKnownFileType = sourcecode.swift; path = MyPostFactory.swift; sourceTree = "<group>"; };
		6079BC742AFE7C5000C29256 /* MyPostCoordinator.swift */ = {isa = PBXFileReference; lastKnownFileType = sourcecode.swift; path = MyPostCoordinator.swift; sourceTree = "<group>"; };
		6079BC762AFE7DE000C29256 /* MyPostMediator.swift */ = {isa = PBXFileReference; lastKnownFileType = sourcecode.swift; path = MyPostMediator.swift; sourceTree = "<group>"; };
		608704512AFD1DE7000795ED /* Coordinator.app */ = {isa = PBXFileReference; explicitFileType = wrapper.application; includeInIndex = 0; path = Coordinator.app; sourceTree = BUILT_PRODUCTS_DIR; };
		608704542AFD1DE7000795ED /* AppDelegate.swift */ = {isa = PBXFileReference; lastKnownFileType = sourcecode.swift; path = AppDelegate.swift; sourceTree = "<group>"; };
		608704582AFD1DE7000795ED /* LoginViewController.swift */ = {isa = PBXFileReference; lastKnownFileType = sourcecode.swift; path = LoginViewController.swift; sourceTree = "<group>"; };
		6087045D2AFD1DE9000795ED /* Assets.xcassets */ = {isa = PBXFileReference; lastKnownFileType = folder.assetcatalog; path = Assets.xcassets; sourceTree = "<group>"; };
		608704602AFD1DE9000795ED /* Base */ = {isa = PBXFileReference; lastKnownFileType = file.storyboard; name = Base; path = Base.lproj/LaunchScreen.storyboard; sourceTree = "<group>"; };
		608704622AFD1DE9000795ED /* Info.plist */ = {isa = PBXFileReference; lastKnownFileType = text.plist.xml; path = Info.plist; sourceTree = "<group>"; };
		60CE47202AFD24140090458E /* Coordinator.swift */ = {isa = PBXFileReference; lastKnownFileType = sourcecode.swift; path = Coordinator.swift; sourceTree = "<group>"; };
		60CE47222AFD245B0090458E /* AppCoordinator.swift */ = {isa = PBXFileReference; lastKnownFileType = sourcecode.swift; path = AppCoordinator.swift; sourceTree = "<group>"; };
		60CE47262AFD25050090458E /* AppFactory.swift */ = {isa = PBXFileReference; lastKnownFileType = sourcecode.swift; path = AppFactory.swift; sourceTree = "<group>"; };
		60CE472A2AFD25B30090458E /* AuthorizationService.swift */ = {isa = PBXFileReference; lastKnownFileType = sourcecode.swift; path = AuthorizationService.swift; sourceTree = "<group>"; };
		60CE472E2AFD26830090458E /* AppDIContainer.swift */ = {isa = PBXFileReference; lastKnownFileType = sourcecode.swift; path = AppDIContainer.swift; sourceTree = "<group>"; };
		60CE47322AFD299C0090458E /* LoginFactory.swift */ = {isa = PBXFileReference; lastKnownFileType = sourcecode.swift; path = LoginFactory.swift; sourceTree = "<group>"; };
		60CE47352AFD2A530090458E /* LoginCoordinator.swift */ = {isa = PBXFileReference; lastKnownFileType = sourcecode.swift; path = LoginCoordinator.swift; sourceTree = "<group>"; };
		60CE47372AFD2B360090458E /* LoginViewModel.swift */ = {isa = PBXFileReference; lastKnownFileType = sourcecode.swift; path = LoginViewModel.swift; sourceTree = "<group>"; };
		60CE473C2AFD391C0090458E /* MainTabBarController.swift */ = {isa = PBXFileReference; lastKnownFileType = sourcecode.swift; path = MainTabBarController.swift; sourceTree = "<group>"; };
		60CE473E2AFD39720090458E /* MainTabBarFactory.swift */ = {isa = PBXFileReference; lastKnownFileType = sourcecode.swift; path = MainTabBarFactory.swift; sourceTree = "<group>"; };
		60CE47402AFD3A810090458E /* MainTabBarCoordinator.swift */ = {isa = PBXFileReference; lastKnownFileType = sourcecode.swift; path = MainTabBarCoordinator.swift; sourceTree = "<group>"; };
		60CE47452AFD40E90090458E /* ItemSettingsViewModel.swift */ = {isa = PBXFileReference; lastKnownFileType = sourcecode.swift; path = ItemSettingsViewModel.swift; sourceTree = "<group>"; };
		60CE47472AFD40FD0090458E /* SettingsViewNavigation.swift */ = {isa = PBXFileReference; lastKnownFileType = sourcecode.swift; path = SettingsViewNavigation.swift; sourceTree = "<group>"; };
		60CE474A2AFD41AC0090458E /* SettingsViewModel.swift */ = {isa = PBXFileReference; lastKnownFileType = sourcecode.swift; path = SettingsViewModel.swift; sourceTree = "<group>"; };
		60CE474D2AFD41D70090458E /* SettingsViewController.swift */ = {isa = PBXFileReference; lastKnownFileType = sourcecode.swift; path = SettingsViewController.swift; sourceTree = "<group>"; };
		60CE474F2AFD46BB0090458E /* SettingsFactory.swift */ = {isa = PBXFileReference; lastKnownFileType = sourcecode.swift; path = SettingsFactory.swift; sourceTree = "<group>"; };
		60CE47512AFD46CB0090458E /* SettingsCoordinator.swift */ = {isa = PBXFileReference; lastKnownFileType = sourcecode.swift; path = SettingsCoordinator.swift; sourceTree = "<group>"; };
		60CE47532AFD4D7E0090458E /* ItemTabBarFactory.swift */ = {isa = PBXFileReference; lastKnownFileType = sourcecode.swift; path = ItemTabBarFactory.swift; sourceTree = "<group>"; };
/* End PBXFileReference section */

/* Begin PBXFrameworksBuildPhase section */
		6087044E2AFD1DE7000795ED /* Frameworks */ = {
			isa = PBXFrameworksBuildPhase;
			buildActionMask = 2147483647;
			files = (
			);
			runOnlyForDeploymentPostprocessing = 0;
		};
/* End PBXFrameworksBuildPhase section */

/* Begin PBXGroup section */
		600463DF2B4025DC0035029C /* Home */ = {
			isa = PBXGroup;
			children = (
				600463E12B4025FD0035029C /* Composition */,
				600463E02B4025F30035029C /* Presentation */,
			);
			path = Home;
			sourceTree = "<group>";
		};
		600463E02B4025F30035029C /* Presentation */ = {
			isa = PBXGroup;
			children = (
				600463E22B40263B0035029C /* HomeViewController.swift */,
			);
			path = Presentation;
			sourceTree = "<group>";
		};
		600463E12B4025FD0035029C /* Composition */ = {
			isa = PBXGroup;
			children = (
				600463E42B4028110035029C /* HomeCoordinator.swift */,
				600463E62B40281F0035029C /* HomeFactory.swift */,
			);
			path = Composition;
			sourceTree = "<group>";
		};
		600463E82B402B740035029C /* PostDetails */ = {
			isa = PBXGroup;
			children = (
				600463EA2B402B890035029C /* Composition */,
				600463E92B402B810035029C /* Presentation */,
			);
			path = PostDetails;
			sourceTree = "<group>";
		};
		600463E92B402B810035029C /* Presentation */ = {
			isa = PBXGroup;
			children = (
				600463EB2B402BAF0035029C /* PostDetailsViewController.swift */,
			);
			path = Presentation;
			sourceTree = "<group>";
		};
		600463EA2B402B890035029C /* Composition */ = {
			isa = PBXGroup;
			children = (
				600463F02B4030EE0035029C /* PostDetailsCoordinator.swift */,
				600463EE2B402F4D0035029C /* PostDetailsFactory.swift */,
			);
			path = Composition;
			sourceTree = "<group>";
		};
		600463F72B4060850035029C /* Settings */ = {
			isa = PBXGroup;
			children = (
				60CE47442AFD3E180090458E /* Composition */,
				60CE47432AFD3E0E0090458E /* Presentation */,
			);
			path = Settings;
			sourceTree = "<group>";
		};
		600463F82B4060940035029C /* UserConfiguration */ = {
			isa = PBXGroup;
			children = (
				600463F92B4060A70035029C /* Composition */,
				600463FA2B4060B00035029C /* Presentation */,
			);
			path = UserConfiguration;
			sourceTree = "<group>";
		};
		600463F92B4060A70035029C /* Composition */ = {
			isa = PBXGroup;
			children = (
				600463FD2B4062690035029C /* UserConfigurationFactory.swift */,
				600463FF2B4063440035029C /* UserConfigurationCoordinator.swift */,
			);
			path = Composition;
			sourceTree = "<group>";
		};
		600463FA2B4060B00035029C /* Presentation */ = {
			isa = PBXGroup;
			children = (
				600463FB2B4060D20035029C /* UserConfigurationViewController.swift */,
			);
			path = Presentation;
			sourceTree = "<group>";
		};
		601894D22AFE353800132775 /* Example */ = {
			isa = PBXGroup;
			children = (
				601894D32AFE357400132775 /* ExampleViewController.swift */,
			);
			path = Example;
			sourceTree = "<group>";
		};
		6079BC612AFE376300C29256 /* Communities */ = {
			isa = PBXGroup;
			children = (
				6079BC632AFE377900C29256 /* Composition */,
				6079BC622AFE377000C29256 /* Presentation */,
			);
			path = Communities;
			sourceTree = "<group>";
		};
		6079BC622AFE377000C29256 /* Presentation */ = {
			isa = PBXGroup;
			children = (
				6079BC642AFE379600C29256 /* CommunitiesViewController.swift */,
			);
			path = Presentation;
			sourceTree = "<group>";
		};
		6079BC632AFE377900C29256 /* Composition */ = {
			isa = PBXGroup;
			children = (
				6079BC682AFE37DE00C29256 /* CommunitiesCoordinator.swift */,
				6079BC662AFE37CA00C29256 /* CommunitiesFactory.swift */,
			);
			path = Composition;
			sourceTree = "<group>";
		};
		6079BC6A2AFE56A700C29256 /* MyPosts */ = {
			isa = PBXGroup;
			children = (
				6079BC6B2AFE56B900C29256 /* Composition */,
				6079BC6C2AFE56C800C29256 /* Presentation */,
			);
			path = MyPosts;
			sourceTree = "<group>";
		};
		6079BC6B2AFE56B900C29256 /* Composition */ = {
			isa = PBXGroup;
			children = (
				6079BC742AFE7C5000C29256 /* MyPostCoordinator.swift */,
				6079BC722AFE7AFF00C29256 /* MyPostFactory.swift */,
				6079BC762AFE7DE000C29256 /* MyPostMediator.swift */,
			);
			path = Composition;
			sourceTree = "<group>";
		};
		6079BC6C2AFE56C800C29256 /* Presentation */ = {
			isa = PBXGroup;
			children = (
				6079BC6D2AFE56E600C29256 /* MyPostsViewController.swift */,
			);
			path = Presentation;
			sourceTree = "<group>";
		};
		6079BC6F2AFE78A000C29256 /* NewPost */ = {
			isa = PBXGroup;
			children = (
				6079BC702AFE78B800C29256 /* NewPostViewController.swift */,
			);
			path = NewPost;
			sourceTree = "<group>";
		};
		608704482AFD1DE7000795ED = {
			isa = PBXGroup;
			children = (
				608704532AFD1DE7000795ED /* Coordinator */,
				608704522AFD1DE7000795ED /* Products */,
			);
			sourceTree = "<group>";
		};
		608704522AFD1DE7000795ED /* Products */ = {
			isa = PBXGroup;
			children = (
				608704512AFD1DE7000795ED /* Coordinator.app */,
			);
			name = Products;
			sourceTree = "<group>";
		};
		608704532AFD1DE7000795ED /* Coordinator */ = {
			isa = PBXGroup;
			children = (
				60CE471D2AFD23BD0090458E /* Composition */,
				608704692AFD20DC000795ED /* Resources */,
				60CE471B2AFD23910090458E /* Scenes */,
				60CE47282AFD25670090458E /* Services */,
			);
			path = Coordinator;
			sourceTree = "<group>";
		};
		608704682AFD20D0000795ED /* Application */ = {
			isa = PBXGroup;
			children = (
				608704542AFD1DE7000795ED /* AppDelegate.swift */,
			);
			path = Application;
			sourceTree = "<group>";
		};
		608704692AFD20DC000795ED /* Resources */ = {
			isa = PBXGroup;
			children = (
				6087045D2AFD1DE9000795ED /* Assets.xcassets */,
				608704622AFD1DE9000795ED /* Info.plist */,
			);
			path = Resources;
			sourceTree = "<group>";
		};
		60CE471B2AFD23910090458E /* Scenes */ = {
			isa = PBXGroup;
			children = (
				6079BC612AFE376300C29256 /* Communities */,
				601894D22AFE353800132775 /* Example */,
				600463DF2B4025DC0035029C /* Home */,
				60CE471C2AFD23970090458E /* LaunchScreen */,
				60CE47302AFD29780090458E /* Login */,
				6079BC6F2AFE78A000C29256 /* NewPost */,
				60CE47392AFD38EC0090458E /* MainTabBar */,
				6079BC6A2AFE56A700C29256 /* MyPosts */,
				600463E82B402B740035029C /* PostDetails */,
				60CE47422AFD3E050090458E /* Settings */,
			);
			path = Scenes;
			sourceTree = "<group>";
		};
		60CE471C2AFD23970090458E /* LaunchScreen */ = {
			isa = PBXGroup;
			children = (
				6087045F2AFD1DE9000795ED /* LaunchScreen.storyboard */,
			);
			path = LaunchScreen;
			sourceTree = "<group>";
		};
		60CE471D2AFD23BD0090458E /* Composition */ = {
			isa = PBXGroup;
			children = (
				608704682AFD20D0000795ED /* Application */,
				60CE471E2AFD23D00090458E /* Coordinator */,
				60CE47242AFD24E30090458E /* Factories */,
			);
			path = Composition;
			sourceTree = "<group>";
		};
		60CE471E2AFD23D00090458E /* Coordinator */ = {
			isa = PBXGroup;
			children = (
				60CE471F2AFD23D90090458E /* AppCoordinator */,
			);
			path = Coordinator;
			sourceTree = "<group>";
		};
		60CE471F2AFD23D90090458E /* AppCoordinator */ = {
			isa = PBXGroup;
			children = (
				60CE47222AFD245B0090458E /* AppCoordinator.swift */,
				60CE47202AFD24140090458E /* Coordinator.swift */,
				600463F22B4037C30035029C /* Navigation.swift */,
				600463F52B4045720035029C /* ParentCoordinator.swift */,
			);
			path = AppCoordinator;
			sourceTree = "<group>";
		};
		60CE47242AFD24E30090458E /* Factories */ = {
			isa = PBXGroup;
			children = (
				60CE47252AFD24EF0090458E /* AppFactory */,
			);
			path = Factories;
			sourceTree = "<group>";
		};
		60CE47252AFD24EF0090458E /* AppFactory */ = {
			isa = PBXGroup;
			children = (
				60CE472C2AFD26690090458E /* DI */,
				60CE47262AFD25050090458E /* AppFactory.swift */,
			);
			path = AppFactory;
			sourceTree = "<group>";
		};
		60CE47282AFD25670090458E /* Services */ = {
			isa = PBXGroup;
			children = (
				60CE47292AFD25700090458E /* Authorization */,
			);
			path = Services;
			sourceTree = "<group>";
		};
		60CE47292AFD25700090458E /* Authorization */ = {
			isa = PBXGroup;
			children = (
				60CE472A2AFD25B30090458E /* AuthorizationService.swift */,
			);
			path = Authorization;
			sourceTree = "<group>";
		};
		60CE472C2AFD26690090458E /* DI */ = {
			isa = PBXGroup;
			children = (
				60CE472E2AFD26830090458E /* AppDIContainer.swift */,
			);
			path = DI;
			sourceTree = "<group>";
		};
		60CE47302AFD29780090458E /* Login */ = {
			isa = PBXGroup;
			children = (
				60CE47312AFD29850090458E /* Composition */,
				60CE47342AFD29FC0090458E /* Presentation */,
			);
			path = Login;
			sourceTree = "<group>";
		};
		60CE47312AFD29850090458E /* Composition */ = {
			isa = PBXGroup;
			children = (
				60CE47352AFD2A530090458E /* LoginCoordinator.swift */,
				60CE47322AFD299C0090458E /* LoginFactory.swift */,
			);
			path = Composition;
			sourceTree = "<group>";
		};
		60CE47342AFD29FC0090458E /* Presentation */ = {
			isa = PBXGroup;
			children = (
				608704582AFD1DE7000795ED /* LoginViewController.swift */,
				60CE47372AFD2B360090458E /* LoginViewModel.swift */,
			);
			path = Presentation;
			sourceTree = "<group>";
		};
		60CE47392AFD38EC0090458E /* MainTabBar */ = {
			isa = PBXGroup;
			children = (
				60CE473A2AFD38F80090458E /* Composition */,
				60CE473B2AFD39020090458E /* Presentation */,
			);
			path = MainTabBar;
			sourceTree = "<group>";
		};
		60CE473A2AFD38F80090458E /* Composition */ = {
			isa = PBXGroup;
			children = (
				60CE473E2AFD39720090458E /* MainTabBarFactory.swift */,
				60CE47402AFD3A810090458E /* MainTabBarCoordinator.swift */,
				60CE47532AFD4D7E0090458E /* ItemTabBarFactory.swift */,
			);
			path = Composition;
			sourceTree = "<group>";
		};
		60CE473B2AFD39020090458E /* Presentation */ = {
			isa = PBXGroup;
			children = (
				60CE473C2AFD391C0090458E /* MainTabBarController.swift */,
			);
			path = Presentation;
			sourceTree = "<group>";
		};
		60CE47422AFD3E050090458E /* Settings */ = {
			isa = PBXGroup;
			children = (
				600463F72B4060850035029C /* Settings */,
				600463F82B4060940035029C /* UserConfiguration */,
			);
			path = Settings;
			sourceTree = "<group>";
		};
		60CE47432AFD3E0E0090458E /* Presentation */ = {
			isa = PBXGroup;
			children = (
				60CE474C2AFD41C10090458E /* Controllers */,
				60CE47492AFD41930090458E /* ViewModels */,
			);
			path = Presentation;
			sourceTree = "<group>";
		};
		60CE47442AFD3E180090458E /* Composition */ = {
			isa = PBXGroup;
			children = (
				60CE47512AFD46CB0090458E /* SettingsCoordinator.swift */,
				60CE474F2AFD46BB0090458E /* SettingsFactory.swift */,
			);
			path = Composition;
			sourceTree = "<group>";
		};
		60CE47492AFD41930090458E /* ViewModels */ = {
			isa = PBXGroup;
			children = (
				60CE47452AFD40E90090458E /* ItemSettingsViewModel.swift */,
				60CE47472AFD40FD0090458E /* SettingsViewNavigation.swift */,
				60CE474A2AFD41AC0090458E /* SettingsViewModel.swift */,
			);
			path = ViewModels;
			sourceTree = "<group>";
		};
		60CE474C2AFD41C10090458E /* Controllers */ = {
			isa = PBXGroup;
			children = (
				60CE474D2AFD41D70090458E /* SettingsViewController.swift */,
			);
			path = Controllers;
			sourceTree = "<group>";
		};
/* End PBXGroup section */

/* Begin PBXNativeTarget section */
		608704502AFD1DE7000795ED /* Coordinator */ = {
			isa = PBXNativeTarget;
			buildConfigurationList = 608704652AFD1DE9000795ED /* Build configuration list for PBXNativeTarget "Coordinator" */;
			buildPhases = (
				6087044D2AFD1DE7000795ED /* Sources */,
				6087044E2AFD1DE7000795ED /* Frameworks */,
				6087044F2AFD1DE7000795ED /* Resources */,
			);
			buildRules = (
			);
			dependencies = (
			);
			name = Coordinator;
			productName = Coordinator;
			productReference = 608704512AFD1DE7000795ED /* Coordinator.app */;
			productType = "com.apple.product-type.application";
		};
/* End PBXNativeTarget section */

/* Begin PBXProject section */
		608704492AFD1DE7000795ED /* Project object */ = {
			isa = PBXProject;
			attributes = {
				BuildIndependentTargetsInParallel = 1;
				LastSwiftUpdateCheck = 1500;
				LastUpgradeCheck = 1500;
				TargetAttributes = {
					608704502AFD1DE7000795ED = {
						CreatedOnToolsVersion = 15.0.1;
					};
				};
			};
			buildConfigurationList = 6087044C2AFD1DE7000795ED /* Build configuration list for PBXProject "Coordinator" */;
			compatibilityVersion = "Xcode 14.0";
			developmentRegion = en;
			hasScannedForEncodings = 0;
			knownRegions = (
				en,
				Base,
			);
			mainGroup = 608704482AFD1DE7000795ED;
			productRefGroup = 608704522AFD1DE7000795ED /* Products */;
			projectDirPath = "";
			projectRoot = "";
			targets = (
				608704502AFD1DE7000795ED /* Coordinator */,
			);
		};
/* End PBXProject section */

/* Begin PBXResourcesBuildPhase section */
		6087044F2AFD1DE7000795ED /* Resources */ = {
			isa = PBXResourcesBuildPhase;
			buildActionMask = 2147483647;
			files = (
				608704612AFD1DE9000795ED /* LaunchScreen.storyboard in Resources */,
				6087045E2AFD1DE9000795ED /* Assets.xcassets in Resources */,
			);
			runOnlyForDeploymentPostprocessing = 0;
		};
/* End PBXResourcesBuildPhase section */

/* Begin PBXSourcesBuildPhase section */
		6087044D2AFD1DE7000795ED /* Sources */ = {
			isa = PBXSourcesBuildPhase;
			buildActionMask = 2147483647;
			files = (
				6079BC692AFE37DE00C29256 /* CommunitiesCoordinator.swift in Sources */,
				6079BC772AFE7DE000C29256 /* MyPostMediator.swift in Sources */,
				6079BC712AFE78B800C29256 /* NewPostViewController.swift in Sources */,
				60CE472F2AFD26830090458E /* AppDIContainer.swift in Sources */,
				60CE47542AFD4D7E0090458E /* ItemTabBarFactory.swift in Sources */,
				600463E32B40263B0035029C /* HomeViewController.swift in Sources */,
				60CE47232AFD245B0090458E /* AppCoordinator.swift in Sources */,
				600463F62B4045720035029C /* ParentCoordinator.swift in Sources */,
				6079BC732AFE7AFF00C29256 /* MyPostFactory.swift in Sources */,
				60CE473D2AFD391C0090458E /* MainTabBarController.swift in Sources */,
				608704592AFD1DE7000795ED /* LoginViewController.swift in Sources */,
				608704552AFD1DE7000795ED /* AppDelegate.swift in Sources */,
				600463FE2B4062690035029C /* UserConfigurationFactory.swift in Sources */,
				60CE472B2AFD25B30090458E /* AuthorizationService.swift in Sources */,
				6079BC672AFE37CA00C29256 /* CommunitiesFactory.swift in Sources */,
				600463E72B40281F0035029C /* HomeFactory.swift in Sources */,
				600464002B4063440035029C /* UserConfigurationCoordinator.swift in Sources */,
				60CE47462AFD40E90090458E /* ItemSettingsViewModel.swift in Sources */,
				600463F32B4037C30035029C /* Navigation.swift in Sources */,
				60CE47502AFD46BB0090458E /* SettingsFactory.swift in Sources */,
				60CE47212AFD24140090458E /* Coordinator.swift in Sources */,
				6079BC652AFE379600C29256 /* CommunitiesViewController.swift in Sources */,
				60CE47482AFD40FD0090458E /* SettingsViewNavigation.swift in Sources */,
				6079BC6E2AFE56E600C29256 /* MyPostsViewController.swift in Sources */,
				601894D42AFE357400132775 /* ExampleViewController.swift in Sources */,
				600463EC2B402BAF0035029C /* PostDetailsViewController.swift in Sources */,
				6079BC752AFE7C5000C29256 /* MyPostCoordinator.swift in Sources */,
				60CE473F2AFD39720090458E /* MainTabBarFactory.swift in Sources */,
				600463F12B4030EE0035029C /* PostDetailsCoordinator.swift in Sources */,
				60CE47362AFD2A530090458E /* LoginCoordinator.swift in Sources */,
				60CE47522AFD46CB0090458E /* SettingsCoordinator.swift in Sources */,
				60CE47332AFD299C0090458E /* LoginFactory.swift in Sources */,
				600463FC2B4060D20035029C /* UserConfigurationViewController.swift in Sources */,
				60CE474E2AFD41D70090458E /* SettingsViewController.swift in Sources */,
				60CE47382AFD2B360090458E /* LoginViewModel.swift in Sources */,
				600463EF2B402F4D0035029C /* PostDetailsFactory.swift in Sources */,
				600463E52B4028110035029C /* HomeCoordinator.swift in Sources */,
				60CE47412AFD3A810090458E /* MainTabBarCoordinator.swift in Sources */,
				60CE47272AFD25050090458E /* AppFactory.swift in Sources */,
				60CE474B2AFD41AC0090458E /* SettingsViewModel.swift in Sources */,
			);
			runOnlyForDeploymentPostprocessing = 0;
		};
/* End PBXSourcesBuildPhase section */

/* Begin PBXVariantGroup section */
		6087045F2AFD1DE9000795ED /* LaunchScreen.storyboard */ = {
			isa = PBXVariantGroup;
			children = (
				608704602AFD1DE9000795ED /* Base */,
			);
			name = LaunchScreen.storyboard;
			sourceTree = "<group>";
		};
/* End PBXVariantGroup section */

/* Begin XCBuildConfiguration section */
		608704632AFD1DE9000795ED /* Debug */ = {
			isa = XCBuildConfiguration;
			buildSettings = {
				ALWAYS_SEARCH_USER_PATHS = NO;
				ASSETCATALOG_COMPILER_GENERATE_SWIFT_ASSET_SYMBOL_EXTENSIONS = YES;
				CLANG_ANALYZER_NONNULL = YES;
				CLANG_ANALYZER_NUMBER_OBJECT_CONVERSION = YES_AGGRESSIVE;
				CLANG_CXX_LANGUAGE_STANDARD = "gnu++20";
				CLANG_ENABLE_MODULES = YES;
				CLANG_ENABLE_OBJC_ARC = YES;
				CLANG_ENABLE_OBJC_WEAK = YES;
				CLANG_WARN_BLOCK_CAPTURE_AUTORELEASING = YES;
				CLANG_WARN_BOOL_CONVERSION = YES;
				CLANG_WARN_COMMA = YES;
				CLANG_WARN_CONSTANT_CONVERSION = YES;
				CLANG_WARN_DEPRECATED_OBJC_IMPLEMENTATIONS = YES;
				CLANG_WARN_DIRECT_OBJC_ISA_USAGE = YES_ERROR;
				CLANG_WARN_DOCUMENTATION_COMMENTS = YES;
				CLANG_WARN_EMPTY_BODY = YES;
				CLANG_WARN_ENUM_CONVERSION = YES;
				CLANG_WARN_INFINITE_RECURSION = YES;
				CLANG_WARN_INT_CONVERSION = YES;
				CLANG_WARN_NON_LITERAL_NULL_CONVERSION = YES;
				CLANG_WARN_OBJC_IMPLICIT_RETAIN_SELF = YES;
				CLANG_WARN_OBJC_LITERAL_CONVERSION = YES;
				CLANG_WARN_OBJC_ROOT_CLASS = YES_ERROR;
				CLANG_WARN_QUOTED_INCLUDE_IN_FRAMEWORK_HEADER = YES;
				CLANG_WARN_RANGE_LOOP_ANALYSIS = YES;
				CLANG_WARN_STRICT_PROTOTYPES = YES;
				CLANG_WARN_SUSPICIOUS_MOVE = YES;
				CLANG_WARN_UNGUARDED_AVAILABILITY = YES_AGGRESSIVE;
				CLANG_WARN_UNREACHABLE_CODE = YES;
				CLANG_WARN__DUPLICATE_METHOD_MATCH = YES;
				COPY_PHASE_STRIP = NO;
				DEBUG_INFORMATION_FORMAT = dwarf;
				ENABLE_STRICT_OBJC_MSGSEND = YES;
				ENABLE_TESTABILITY = YES;
				ENABLE_USER_SCRIPT_SANDBOXING = YES;
				GCC_C_LANGUAGE_STANDARD = gnu17;
				GCC_DYNAMIC_NO_PIC = NO;
				GCC_NO_COMMON_BLOCKS = YES;
				GCC_OPTIMIZATION_LEVEL = 0;
				GCC_PREPROCESSOR_DEFINITIONS = (
					"DEBUG=1",
					"$(inherited)",
				);
				GCC_WARN_64_TO_32_BIT_CONVERSION = YES;
				GCC_WARN_ABOUT_RETURN_TYPE = YES_ERROR;
				GCC_WARN_UNDECLARED_SELECTOR = YES;
				GCC_WARN_UNINITIALIZED_AUTOS = YES_AGGRESSIVE;
				GCC_WARN_UNUSED_FUNCTION = YES;
				GCC_WARN_UNUSED_VARIABLE = YES;
				IPHONEOS_DEPLOYMENT_TARGET = 17.0;
				LOCALIZATION_PREFERS_STRING_CATALOGS = YES;
				MTL_ENABLE_DEBUG_INFO = INCLUDE_SOURCE;
				MTL_FAST_MATH = YES;
				ONLY_ACTIVE_ARCH = YES;
				SDKROOT = iphoneos;
				SWIFT_ACTIVE_COMPILATION_CONDITIONS = "DEBUG $(inherited)";
				SWIFT_OPTIMIZATION_LEVEL = "-Onone";
			};
			name = Debug;
		};
		608704642AFD1DE9000795ED /* Release */ = {
			isa = XCBuildConfiguration;
			buildSettings = {
				ALWAYS_SEARCH_USER_PATHS = NO;
				ASSETCATALOG_COMPILER_GENERATE_SWIFT_ASSET_SYMBOL_EXTENSIONS = YES;
				CLANG_ANALYZER_NONNULL = YES;
				CLANG_ANALYZER_NUMBER_OBJECT_CONVERSION = YES_AGGRESSIVE;
				CLANG_CXX_LANGUAGE_STANDARD = "gnu++20";
				CLANG_ENABLE_MODULES = YES;
				CLANG_ENABLE_OBJC_ARC = YES;
				CLANG_ENABLE_OBJC_WEAK = YES;
				CLANG_WARN_BLOCK_CAPTURE_AUTORELEASING = YES;
				CLANG_WARN_BOOL_CONVERSION = YES;
				CLANG_WARN_COMMA = YES;
				CLANG_WARN_CONSTANT_CONVERSION = YES;
				CLANG_WARN_DEPRECATED_OBJC_IMPLEMENTATIONS = YES;
				CLANG_WARN_DIRECT_OBJC_ISA_USAGE = YES_ERROR;
				CLANG_WARN_DOCUMENTATION_COMMENTS = YES;
				CLANG_WARN_EMPTY_BODY = YES;
				CLANG_WARN_ENUM_CONVERSION = YES;
				CLANG_WARN_INFINITE_RECURSION = YES;
				CLANG_WARN_INT_CONVERSION = YES;
				CLANG_WARN_NON_LITERAL_NULL_CONVERSION = YES;
				CLANG_WARN_OBJC_IMPLICIT_RETAIN_SELF = YES;
				CLANG_WARN_OBJC_LITERAL_CONVERSION = YES;
				CLANG_WARN_OBJC_ROOT_CLASS = YES_ERROR;
				CLANG_WARN_QUOTED_INCLUDE_IN_FRAMEWORK_HEADER = YES;
				CLANG_WARN_RANGE_LOOP_ANALYSIS = YES;
				CLANG_WARN_STRICT_PROTOTYPES = YES;
				CLANG_WARN_SUSPICIOUS_MOVE = YES;
				CLANG_WARN_UNGUARDED_AVAILABILITY = YES_AGGRESSIVE;
				CLANG_WARN_UNREACHABLE_CODE = YES;
				CLANG_WARN__DUPLICATE_METHOD_MATCH = YES;
				COPY_PHASE_STRIP = NO;
				DEBUG_INFORMATION_FORMAT = "dwarf-with-dsym";
				ENABLE_NS_ASSERTIONS = NO;
				ENABLE_STRICT_OBJC_MSGSEND = YES;
				ENABLE_USER_SCRIPT_SANDBOXING = YES;
				GCC_C_LANGUAGE_STANDARD = gnu17;
				GCC_NO_COMMON_BLOCKS = YES;
				GCC_WARN_64_TO_32_BIT_CONVERSION = YES;
				GCC_WARN_ABOUT_RETURN_TYPE = YES_ERROR;
				GCC_WARN_UNDECLARED_SELECTOR = YES;
				GCC_WARN_UNINITIALIZED_AUTOS = YES_AGGRESSIVE;
				GCC_WARN_UNUSED_FUNCTION = YES;
				GCC_WARN_UNUSED_VARIABLE = YES;
				IPHONEOS_DEPLOYMENT_TARGET = 17.0;
				LOCALIZATION_PREFERS_STRING_CATALOGS = YES;
				MTL_ENABLE_DEBUG_INFO = NO;
				MTL_FAST_MATH = YES;
				SDKROOT = iphoneos;
				SWIFT_COMPILATION_MODE = wholemodule;
				VALIDATE_PRODUCT = YES;
			};
			name = Release;
		};
		608704662AFD1DE9000795ED /* Debug */ = {
			isa = XCBuildConfiguration;
			buildSettings = {
				ASSETCATALOG_COMPILER_APPICON_NAME = AppIcon;
				ASSETCATALOG_COMPILER_GLOBAL_ACCENT_COLOR_NAME = AccentColor;
				CODE_SIGN_STYLE = Automatic;
				CURRENT_PROJECT_VERSION = 1;
				DEVELOPMENT_TEAM = TVNB4R4JHD;
				GENERATE_INFOPLIST_FILE = YES;
				INFOPLIST_FILE = Coordinator/Resources/Info.plist;
				INFOPLIST_KEY_UIApplicationSupportsIndirectInputEvents = YES;
				INFOPLIST_KEY_UILaunchStoryboardName = LaunchScreen;
				INFOPLIST_KEY_UISupportedInterfaceOrientations_iPad = "UIInterfaceOrientationPortrait UIInterfaceOrientationPortraitUpsideDown UIInterfaceOrientationLandscapeLeft UIInterfaceOrientationLandscapeRight";
				INFOPLIST_KEY_UISupportedInterfaceOrientations_iPhone = "UIInterfaceOrientationPortrait UIInterfaceOrientationLandscapeLeft UIInterfaceOrientationLandscapeRight";
				LD_RUNPATH_SEARCH_PATHS = (
					"$(inherited)",
					"@executable_path/Frameworks",
				);
				MARKETING_VERSION = 1.0;
				PRODUCT_BUNDLE_IDENTIFIER = com.nikolayignatov.Coordinator;
				PRODUCT_NAME = "$(TARGET_NAME)";
				SUPPORTED_PLATFORMS = "iphoneos iphonesimulator";
				SUPPORTS_MACCATALYST = NO;
				SUPPORTS_MAC_DESIGNED_FOR_IPHONE_IPAD = NO;
				SWIFT_EMIT_LOC_STRINGS = YES;
				SWIFT_VERSION = 5.0;
				TARGETED_DEVICE_FAMILY = "1,2";
			};
			name = Debug;
		};
		608704672AFD1DE9000795ED /* Release */ = {
			isa = XCBuildConfiguration;
			buildSettings = {
				ASSETCATALOG_COMPILER_APPICON_NAME = AppIcon;
				ASSETCATALOG_COMPILER_GLOBAL_ACCENT_COLOR_NAME = AccentColor;
				CODE_SIGN_STYLE = Automatic;
				CURRENT_PROJECT_VERSION = 1;
				DEVELOPMENT_TEAM = TVNB4R4JHD;
				GENERATE_INFOPLIST_FILE = YES;
				INFOPLIST_FILE = Coordinator/Resources/Info.plist;
				INFOPLIST_KEY_UIApplicationSupportsIndirectInputEvents = YES;
				INFOPLIST_KEY_UILaunchStoryboardName = LaunchScreen;
				INFOPLIST_KEY_UISupportedInterfaceOrientations_iPad = "UIInterfaceOrientationPortrait UIInterfaceOrientationPortraitUpsideDown UIInterfaceOrientationLandscapeLeft UIInterfaceOrientationLandscapeRight";
				INFOPLIST_KEY_UISupportedInterfaceOrientations_iPhone = "UIInterfaceOrientationPortrait UIInterfaceOrientationLandscapeLeft UIInterfaceOrientationLandscapeRight";
				LD_RUNPATH_SEARCH_PATHS = (
					"$(inherited)",
					"@executable_path/Frameworks",
				);
				MARKETING_VERSION = 1.0;
				PRODUCT_BUNDLE_IDENTIFIER = com.nikolayignatov.Coordinator;
				PRODUCT_NAME = "$(TARGET_NAME)";
				SUPPORTED_PLATFORMS = "iphoneos iphonesimulator";
				SUPPORTS_MACCATALYST = NO;
				SUPPORTS_MAC_DESIGNED_FOR_IPHONE_IPAD = NO;
				SWIFT_EMIT_LOC_STRINGS = YES;
				SWIFT_VERSION = 5.0;
				TARGETED_DEVICE_FAMILY = "1,2";
			};
			name = Release;
		};
/* End XCBuildConfiguration section */

/* Begin XCConfigurationList section */
		6087044C2AFD1DE7000795ED /* Build configuration list for PBXProject "Coordinator" */ = {
			isa = XCConfigurationList;
			buildConfigurations = (
				608704632AFD1DE9000795ED /* Debug */,
				608704642AFD1DE9000795ED /* Release */,
			);
			defaultConfigurationIsVisible = 0;
			defaultConfigurationName = Release;
		};
		608704652AFD1DE9000795ED /* Build configuration list for PBXNativeTarget "Coordinator" */ = {
			isa = XCConfigurationList;
			buildConfigurations = (
				608704662AFD1DE9000795ED /* Debug */,
				608704672AFD1DE9000795ED /* Release */,
			);
			defaultConfigurationIsVisible = 0;
			defaultConfigurationName = Release;
		};
/* End XCConfigurationList section */
	};
	rootObject = 608704492AFD1DE7000795ED /* Project object */;
}
